
Microsoft Visual Studio Solution File, Format Version 12.00
# Visual Studio Version 17
VisualStudioVersion = 17.14.36623.8 d17.14
MinimumVisualStudioVersion = 10.0.40219.1
Project("{FAE04EC0-301F-11D3-BF4B-00C04F79EFBC}") = "Example3C_ExtendingDataFlexibly", "Example3C_ExtendingDataFlexibly.csproj", "{27C4E8B5-64C3-4527-8AD9-987B01896DEC}"
EndProject
Global
	GlobalSection(SolutionConfigurationPlatforms) = preSolution
		Debug|Any CPU = Debug|Any CPU
		Release|Any CPU = Release|Any CPU
	EndGlobalSection
	GlobalSection(ProjectConfigurationPlatforms) = postSolution
		{27C4E8B5-64C3-4527-8AD9-987B01896DEC}.Debug|Any CPU.ActiveCfg = Debug|Any CPU
		{27C4E8B5-64C3-4527-8AD9-987B01896DEC}.Debug|Any CPU.Build.0 = Debug|Any CPU
		{27C4E8B5-64C3-4527-8AD9-987B01896DEC}.Release|Any CPU.ActiveCfg = Release|Any CPU
		{27C4E8B5-64C3-4527-8AD9-987B01896DEC}.Release|Any CPU.Build.0 = Release|Any CPU
	EndGlobalSection
	GlobalSection(SolutionProperties) = preSolution
		HideSolutionNode = FALSE
	EndGlobalSection
	GlobalSection(ExtensibilityGlobals) = postSolution
		SolutionGuid = {36736258-4CC7-4107-AA89-4EEEF56EE8CB}
	EndGlobalSection
EndGlobal
